{
    "version": 3,
    "terraform_version": "0.11.13",
    "serial": 1,
    "lineage": "9c268d46-3238-b779-a14d-93e7cab380a8",
    "modules": [
        {
            "path": [
                "root"
            ],
            "outputs": {
                "DB_NAME": {
                    "sensitive": false,
                    "type": "string",
                    "value": "dbname"
                },
                "allows_hosts": {
                    "sensitive": false,
                    "type": "list",
                    "value": [
                        "0.0.0.0/0"
                    ]
                },
                "region": {
                    "sensitive": false,
                    "type": "string",
                    "value": "us-east-2"
                },
                "subnet_list": {
                    "sensitive": false,
                    "type": "list",
                    "value": [
                        "subnet-0c101fc44721929e0",
                        "subnet-02f270fe1d0a941cc",
                        "subnet-0a21e9273bdc4e06e"
                    ]
                }
            },
            "resources": {},
            "depends_on": []
        },
        {
            "path": [
                "root",
                "db"
            ],
            "outputs": {
                "DB_NAME": {
                    "sensitive": false,
                    "type": "string",
                    "value": "dbname"
                },
                "allowed_hosts": {
                    "sensitive": false,
                    "type": "list",
                    "value": [
                        "0.0.0.0/0"
                    ]
                },
                "region": {
                    "sensitive": false,
                    "type": "string",
                    "value": "us-east-2"
                },
                "subnet_list": {
                    "sensitive": false,
                    "type": "list",
                    "value": [
                        "subnet-0c101fc44721929e0",
                        "subnet-02f270fe1d0a941cc",
                        "subnet-0a21e9273bdc4e06e"
                    ]
                }
            },
            "resources": {
                "aws_db_subnet_group.db": {
                    "type": "aws_db_subnet_group",
                    "depends_on": [],
                    "primary": {
                        "id": "db",
                        "attributes": {
                            "arn": "arn:aws:rds:us-east-2:206290510412:subgrp:db",
                            "description": "Managed by Terraform",
                            "id": "db",
                            "name": "db",
                            "subnet_ids.#": "3",
                            "subnet_ids.103128456": "subnet-0a21e9273bdc4e06e",
                            "subnet_ids.2344916042": "subnet-0c101fc44721929e0",
                            "subnet_ids.3360588327": "subnet-02f270fe1d0a941cc",
                            "tags.%": "0"
                        },
                        "meta": {},
                        "tainted": false
                    },
                    "deposed": [],
                    "provider": "module.db.provider.aws"
                },
                "aws_rds_cluster.default": {
                    "type": "aws_rds_cluster",
                    "depends_on": [
                        "aws_db_subnet_group.db",
                        "aws_security_group.db"
                    ],
                    "primary": {
                        "id": "dbname",
                        "attributes": {
                            "arn": "arn:aws:rds:us-east-2:206290510412:cluster:dbname",
                            "availability_zones.#": "3",
                            "availability_zones.1726430690": "us-east-2b",
                            "availability_zones.299896180": "us-east-2c",
                            "availability_zones.4293815384": "us-east-2a",
                            "backtrack_window": "0",
                            "backup_retention_period": "5",
                            "cluster_identifier": "dbname",
                            "cluster_members.#": "0",
                            "cluster_resource_id": "cluster-OXSF2X7NQHV3YGGHXHFN4KZCUQ",
                            "copy_tags_to_snapshot": "false",
                            "database_name": "mydb",
                            "db_cluster_parameter_group_name": "default.aurora5.6",
                            "db_subnet_group_name": "db",
                            "deletion_protection": "false",
                            "enable_http_endpoint": "false",
                            "enabled_cloudwatch_logs_exports.#": "0",
                            "endpoint": "dbname.cluster-cyhy6wh5qihu.us-east-2.rds.amazonaws.com",
                            "engine": "aurora",
                            "engine_mode": "provisioned",
                            "engine_version": "5.6.10a",
                            "global_cluster_identifier": "",
                            "hosted_zone_id": "Z2XHWR1WZ565X2",
                            "iam_database_authentication_enabled": "false",
                            "iam_roles.#": "0",
                            "id": "dbname",
                            "kms_key_id": "",
                            "master_password": "foobarbaz",
                            "master_username": "foo",
                            "port": "3306",
                            "preferred_backup_window": "07:00-09:00",
                            "preferred_maintenance_window": "sun:05:33-sun:06:03",
                            "reader_endpoint": "dbname.cluster-ro-cyhy6wh5qihu.us-east-2.rds.amazonaws.com",
                            "replication_source_identifier": "",
                            "scaling_configuration.#": "0",
                            "skip_final_snapshot": "true",
                            "storage_encrypted": "false",
                            "tags.%": "0",
                            "vpc_security_group_ids.#": "1",
                            "vpc_security_group_ids.691338997": "sg-05d2b804a0c1508a7"
                        },
                        "meta": {
                            "e2bfb730-ecaa-11e6-8f88-34363bc7c4c0": {
                                "create": 7200000000000,
                                "delete": 7200000000000,
                                "update": 7200000000000
                            }
                        },
                        "tainted": false
                    },
                    "deposed": [],
                    "provider": "module.db.provider.aws"
                },
                "aws_security_group.db": {
                    "type": "aws_security_group",
                    "depends_on": [],
                    "primary": {
                        "id": "sg-05d2b804a0c1508a7",
                        "attributes": {
                            "arn": "arn:aws:ec2:us-east-2:206290510412:security-group/sg-05d2b804a0c1508a7",
                            "description": "Allow Mysql traffic",
                            "egress.#": "1",
                            "egress.482069346.cidr_blocks.#": "1",
                            "egress.482069346.cidr_blocks.0": "0.0.0.0/0",
                            "egress.482069346.description": "",
                            "egress.482069346.from_port": "0",
                            "egress.482069346.ipv6_cidr_blocks.#": "0",
                            "egress.482069346.prefix_list_ids.#": "0",
                            "egress.482069346.protocol": "-1",
                            "egress.482069346.security_groups.#": "0",
                            "egress.482069346.self": "false",
                            "egress.482069346.to_port": "0",
                            "id": "sg-05d2b804a0c1508a7",
                            "ingress.#": "1",
                            "ingress.1833103227.cidr_blocks.#": "1",
                            "ingress.1833103227.cidr_blocks.0": "0.0.0.0/0",
                            "ingress.1833103227.description": "Allow mysql",
                            "ingress.1833103227.from_port": "3306",
                            "ingress.1833103227.ipv6_cidr_blocks.#": "0",
                            "ingress.1833103227.prefix_list_ids.#": "0",
                            "ingress.1833103227.protocol": "tcp",
                            "ingress.1833103227.security_groups.#": "0",
                            "ingress.1833103227.self": "false",
                            "ingress.1833103227.to_port": "3306",
                            "name": "db",
                            "owner_id": "206290510412",
                            "revoke_rules_on_delete": "false",
                            "tags.%": "0",
                            "vpc_id": "vpc-08ecaaebc90f65a51"
                        },
                        "meta": {
                            "e2bfb730-ecaa-11e6-8f88-34363bc7c4c0": {
                                "create": 600000000000,
                                "delete": 600000000000
                            },
                            "schema_version": "1"
                        },
                        "tainted": false
                    },
                    "deposed": [],
                    "provider": "module.db.provider.aws"
                }
            },
            "depends_on": []
        }
    ]
}
